
Microsoft Visual Studio Solution File, Format Version 12.00
# Visual Studio Version 17
VisualStudioVersion = 17.1.32328.378
MinimumVisualStudioVersion = 10.0.40219.1
Project("{FAE04EC0-301F-11D3-BF4B-00C04F79EFBC}") = "protekloITekućeVrijeme", "protekloITekućeVrijeme\protekloITekućeVrijeme.csproj", "{D61D8D5E-3446-4151-9A74-42EB9B1B7202}"
EndProject
Global
	GlobalSection(SolutionConfigurationPlatforms) = preSolution
		Debug|Any CPU = Debug|Any CPU
		Release|Any CPU = Release|Any CPU
	EndGlobalSection
	GlobalSection(ProjectConfigurationPlatforms) = postSolution
		{D61D8D5E-3446-4151-9A74-42EB9B1B7202}.Debug|Any CPU.ActiveCfg = Debug|Any CPU
		{D61D8D5E-3446-4151-9A74-42EB9B1B7202}.Debug|Any CPU.Build.0 = Debug|Any CPU
		{D61D8D5E-3446-4151-9A74-42EB9B1B7202}.Release|Any CPU.ActiveCfg = Release|Any CPU
		{D61D8D5E-3446-4151-9A74-42EB9B1B7202}.Release|Any CPU.Build.0 = Release|Any CPU
	EndGlobalSection
	GlobalSection(SolutionProperties) = preSolution
		HideSolutionNode = FALSE
	EndGlobalSection
	GlobalSection(ExtensibilityGlobals) = postSolution
		SolutionGuid = {F381CE78-7BB5-4AF7-9C2B-C6F246A053AF}
	EndGlobalSection
EndGlobal
